
Microsoft Visual Studio Solution File, Format Version 12.00
# Visual Studio 2012
Project("{FAE04EC0-301F-11D3-BF4B-00C04F79EFBC}") = "TestGit", "TestGit\TestGit.csproj", "{52F75249-E172-4165-8ADC-A17AA3DBAFFB}"
EndProject
Global
	GlobalSection(SolutionConfigurationPlatforms) = preSolution
		Debug|x86 = Debug|x86
		Release|x86 = Release|x86
	EndGlobalSection
	GlobalSection(ProjectConfigurationPlatforms) = postSolution
		{52F75249-E172-4165-8ADC-A17AA3DBAFFB}.Debug|x86.ActiveCfg = Debug|x86
		{52F75249-E172-4165-8ADC-A17AA3DBAFFB}.Debug|x86.Build.0 = Debug|x86
		{52F75249-E172-4165-8ADC-A17AA3DBAFFB}.Release|x86.ActiveCfg = Release|x86
		{52F75249-E172-4165-8ADC-A17AA3DBAFFB}.Release|x86.Build.0 = Release|x86
	EndGlobalSection
EndGlobal
